
Microsoft Visual Studio Solution File, Format Version 12.00
# Visual Studio Version 16
VisualStudioVersion = 16.0.33214.272
MinimumVisualStudioVersion = 10.0.40219.1
Project("{FAE04EC0-301F-11D3-BF4B-00C04F79EFBC}") = "Dentaku", "Dentaku\Dentaku.csproj", "{3198924B-45AA-4944-B10C-21DBB5E00557}"
EndProject
Project("{9A19103F-16F7-4668-BE54-9A1E7A4F7556}") = "Dentaku.Tests", "Dentaku.Tests\Dentaku.Tests.csproj", "{9CA1207A-3090-415A-A164-0703BF826EFF}"
EndProject
Global
	GlobalSection(SolutionConfigurationPlatforms) = preSolution
		Debug|Any CPU = Debug|Any CPU
		Release|Any CPU = Release|Any CPU
	EndGlobalSection
	GlobalSection(ProjectConfigurationPlatforms) = postSolution
		{3198924B-45AA-4944-B10C-21DBB5E00557}.Debug|Any CPU.ActiveCfg = Debug|Any CPU
		{3198924B-45AA-4944-B10C-21DBB5E00557}.Debug|Any CPU.Build.0 = Debug|Any CPU
		{3198924B-45AA-4944-B10C-21DBB5E00557}.Release|Any CPU.ActiveCfg = Release|Any CPU
		{3198924B-45AA-4944-B10C-21DBB5E00557}.Release|Any CPU.Build.0 = Release|Any CPU
		{9CA1207A-3090-415A-A164-0703BF826EFF}.Debug|Any CPU.ActiveCfg = Debug|Any CPU
		{9CA1207A-3090-415A-A164-0703BF826EFF}.Debug|Any CPU.Build.0 = Debug|Any CPU
		{9CA1207A-3090-415A-A164-0703BF826EFF}.Release|Any CPU.ActiveCfg = Release|Any CPU
		{9CA1207A-3090-415A-A164-0703BF826EFF}.Release|Any CPU.Build.0 = Release|Any CPU
	EndGlobalSection
	GlobalSection(SolutionProperties) = preSolution
		HideSolutionNode = FALSE
	EndGlobalSection
	GlobalSection(ExtensibilityGlobals) = postSolution
		SolutionGuid = {3E18018D-131D-4D1F-A049-6A58EA99E4B8}
	EndGlobalSection
EndGlobal
