
Microsoft Visual Studio Solution File, Format Version 12.00
# Visual Studio Version 17
VisualStudioVersion = 17.7.34024.191
MinimumVisualStudioVersion = 10.0.40219.1
Project("{9A19103F-16F7-4668-BE54-9A1E7A4F7556}") = "SQLite", "SQLite\SQLite.csproj", "{58D853CE-9EE7-4236-A5A7-A613CF2B14B4}"
EndProject
Project("{FAE04EC0-301F-11D3-BF4B-00C04F79EFBC}") = "Main", "Main\Main.csproj", "{C80DFC7E-C930-46A7-B2F3-37570E7875B0}"
EndProject
Project("{FAE04EC0-301F-11D3-BF4B-00C04F79EFBC}") = "Common", "Common\Common.csproj", "{4F9DD63C-2EC8-4CE4-9BFD-846C3B483BD9}"
EndProject
Global
	GlobalSection(SolutionConfigurationPlatforms) = preSolution
		Debug|Any CPU = Debug|Any CPU
		Release|Any CPU = Release|Any CPU
	EndGlobalSection
	GlobalSection(ProjectConfigurationPlatforms) = postSolution
		{58D853CE-9EE7-4236-A5A7-A613CF2B14B4}.Debug|Any CPU.ActiveCfg = Debug|Any CPU
		{58D853CE-9EE7-4236-A5A7-A613CF2B14B4}.Debug|Any CPU.Build.0 = Debug|Any CPU
		{58D853CE-9EE7-4236-A5A7-A613CF2B14B4}.Release|Any CPU.ActiveCfg = Release|Any CPU
		{58D853CE-9EE7-4236-A5A7-A613CF2B14B4}.Release|Any CPU.Build.0 = Release|Any CPU
		{C80DFC7E-C930-46A7-B2F3-37570E7875B0}.Debug|Any CPU.ActiveCfg = Debug|Any CPU
		{C80DFC7E-C930-46A7-B2F3-37570E7875B0}.Debug|Any CPU.Build.0 = Debug|Any CPU
		{C80DFC7E-C930-46A7-B2F3-37570E7875B0}.Release|Any CPU.ActiveCfg = Release|Any CPU
		{C80DFC7E-C930-46A7-B2F3-37570E7875B0}.Release|Any CPU.Build.0 = Release|Any CPU
		{4F9DD63C-2EC8-4CE4-9BFD-846C3B483BD9}.Debug|Any CPU.ActiveCfg = Debug|Any CPU
		{4F9DD63C-2EC8-4CE4-9BFD-846C3B483BD9}.Debug|Any CPU.Build.0 = Debug|Any CPU
		{4F9DD63C-2EC8-4CE4-9BFD-846C3B483BD9}.Release|Any CPU.ActiveCfg = Release|Any CPU
		{4F9DD63C-2EC8-4CE4-9BFD-846C3B483BD9}.Release|Any CPU.Build.0 = Release|Any CPU
	EndGlobalSection
	GlobalSection(SolutionProperties) = preSolution
		HideSolutionNode = FALSE
	EndGlobalSection
	GlobalSection(ExtensibilityGlobals) = postSolution
		SolutionGuid = {92D4003C-9756-4528-B8BE-1C1CD7E9838C}
	EndGlobalSection
EndGlobal
